
Microsoft Visual Studio Solution File, Format Version 12.00
# Visual Studio Version 16
VisualStudioVersion = 16.0.28729.10
MinimumVisualStudioVersion = 10.0.40219.1
Project("{8BC9CEB8-8B4A-11D0-8D11-00A0C91BC942}") = "Season2_Step_02", "Season2_Step_02\Season2_Step_02.vcxproj", "{C7F9A129-E79C-4FF4-918E-40C9B3A3347A}"
EndProject
Global
	GlobalSection(SolutionConfigurationPlatforms) = preSolution
		Debug|x64 = Debug|x64
		Debug|x86 = Debug|x86
		Release|x64 = Release|x64
		Release|x86 = Release|x86
	EndGlobalSection
	GlobalSection(ProjectConfigurationPlatforms) = postSolution
		{C7F9A129-E79C-4FF4-918E-40C9B3A3347A}.Debug|x64.ActiveCfg = Debug|x64
		{C7F9A129-E79C-4FF4-918E-40C9B3A3347A}.Debug|x64.Build.0 = Debug|x64
		{C7F9A129-E79C-4FF4-918E-40C9B3A3347A}.Debug|x86.ActiveCfg = Debug|Win32
		{C7F9A129-E79C-4FF4-918E-40C9B3A3347A}.Debug|x86.Build.0 = Debug|Win32
		{C7F9A129-E79C-4FF4-918E-40C9B3A3347A}.Release|x64.ActiveCfg = Release|x64
		{C7F9A129-E79C-4FF4-918E-40C9B3A3347A}.Release|x64.Build.0 = Release|x64
		{C7F9A129-E79C-4FF4-918E-40C9B3A3347A}.Release|x86.ActiveCfg = Release|Win32
		{C7F9A129-E79C-4FF4-918E-40C9B3A3347A}.Release|x86.Build.0 = Release|Win32
	EndGlobalSection
	GlobalSection(SolutionProperties) = preSolution
		HideSolutionNode = FALSE
	EndGlobalSection
	GlobalSection(ExtensibilityGlobals) = postSolution
		SolutionGuid = {4A603B15-7A82-4075-B0FA-6380CBB6DBE4}
	EndGlobalSection
EndGlobal
